// !$*UTF8*$!
{
	archiveVersion = 1;
	classes = {
	};
	objectVersion = 50;
	objects = {

/* Begin PBXBuildFile section */
		2F371332263C35590079AF8B /* AppDelegate.m in Sources */ = {isa = PBXBuildFile; fileRef = 2F371331263C35590079AF8B /* AppDelegate.m */; };
		2F371335263C35590079AF8B /* SceneDelegate.m in Sources */ = {isa = PBXBuildFile; fileRef = 2F371334263C35590079AF8B /* SceneDelegate.m */; };
		2F371338263C35590079AF8B /* ViewController.m in Sources */ = {isa = PBXBuildFile; fileRef = 2F371337263C35590079AF8B /* ViewController.m */; };
		2F37133B263C35590079AF8B /* Main.storyboard in Resources */ = {isa = PBXBuildFile; fileRef = 2F371339263C35590079AF8B /* Main.storyboard */; };
		2F37133D263C355B0079AF8B /* Assets.xcassets in Resources */ = {isa = PBXBuildFile; fileRef = 2F37133C263C355B0079AF8B /* Assets.xcassets */; };
		2F371340263C355B0079AF8B /* LaunchScreen.storyboard in Resources */ = {isa = PBXBuildFile; fileRef = 2F37133E263C355B0079AF8B /* LaunchScreen.storyboard */; };
		2F371343263C355B0079AF8B /* main.m in Sources */ = {isa = PBXBuildFile; fileRef = 2F371342263C355B0079AF8B /* main.m */; };
		2F371367263C363A0079AF8B /* JsInterface.m in Sources */ = {isa = PBXBuildFile; fileRef = 2F371366263C363A0079AF8B /* JsInterface.m */; };
		2F371369263C392A0079AF8B /* libz.tbd in Frameworks */ = {isa = PBXBuildFile; fileRef = 2F371368263C392A0079AF8B /* libz.tbd */; };
		2F37136B263C39370079AF8B /* libc++.tbd in Frameworks */ = {isa = PBXBuildFile; fileRef = 2F37136A263C39370079AF8B /* libc++.tbd */; };
		2F371372263C42060079AF8B /* StoreKit.framework in Frameworks */ = {isa = PBXBuildFile; fileRef = 2F371371263C42060079AF8B /* StoreKit.framework */; };
		2F371375263C45780079AF8B /* PWPurchaseHelper.m in Sources */ = {isa = PBXBuildFile; fileRef = 2F371374263C45780079AF8B /* PWPurchaseHelper.m */; };
		853639C235FA4E23C90FD0EE /* Pods_inappinterfacedemoTests.framework in Frameworks */ = {isa = PBXBuildFile; fileRef = 57E56463C2BE02D44CA7401A /* Pods_inappinterfacedemoTests.framework */; };
		9904DC00B8622C2BEB62F031 /* Pods_inappinterfacedemo.framework in Frameworks */ = {isa = PBXBuildFile; fileRef = D5F7506DDED1DB5F917B60C8 /* Pods_inappinterfacedemo.framework */; };
		F32101745B26D3646B4B896F /* Pods_inappinterfacedemoUITests.framework in Frameworks */ = {isa = PBXBuildFile; fileRef = 3BE03C9F1F0859B7B7087A19 /* Pods_inappinterfacedemoUITests.framework */; };
/* End PBXBuildFile section */

/* Begin PBXContainerItemProxy section */
		2F371349263C355B0079AF8B /* PBXContainerItemProxy */ = {
			isa = PBXContainerItemProxy;
			containerPortal = 2F371325263C35590079AF8B /* Project object */;
			proxyType = 1;
			remoteGlobalIDString = 2F37132C263C35590079AF8B;
			remoteInfo = inappinterfacedemo;
		};
		2F371354263C355B0079AF8B /* PBXContainerItemProxy */ = {
			isa = PBXContainerItemProxy;
			containerPortal = 2F371325263C35590079AF8B /* Project object */;
			proxyType = 1;
			remoteGlobalIDString = 2F37132C263C35590079AF8B;
			remoteInfo = inappinterfacedemo;
		};
/* End PBXContainerItemProxy section */

/* Begin PBXFileReference section */
		0A494034405542899490B637 /* Pods-inappinterfacedemoUITests.release.xcconfig */ = {isa = PBXFileReference; includeInIndex = 1; lastKnownFileType = text.xcconfig; name = "Pods-inappinterfacedemoUITests.release.xcconfig"; path = "Target Support Files/Pods-inappinterfacedemoUITests/Pods-inappinterfacedemoUITests.release.xcconfig"; sourceTree = "<group>"; };
		2F37132D263C35590079AF8B /* inappinterfacedemo.app */ = {isa = PBXFileReference; explicitFileType = wrapper.application; includeInIndex = 0; path = inappinterfacedemo.app; sourceTree = BUILT_PRODUCTS_DIR; };
		2F371330263C35590079AF8B /* AppDelegate.h */ = {isa = PBXFileReference; lastKnownFileType = sourcecode.c.h; path = AppDelegate.h; sourceTree = "<group>"; };
		2F371331263C35590079AF8B /* AppDelegate.m */ = {isa = PBXFileReference; lastKnownFileType = sourcecode.c.objc; path = AppDelegate.m; sourceTree = "<group>"; };
		2F371333263C35590079AF8B /* SceneDelegate.h */ = {isa = PBXFileReference; lastKnownFileType = sourcecode.c.h; path = SceneDelegate.h; sourceTree = "<group>"; };
		2F371334263C35590079AF8B /* SceneDelegate.m */ = {isa = PBXFileReference; lastKnownFileType = sourcecode.c.objc; path = SceneDelegate.m; sourceTree = "<group>"; };
		2F371336263C35590079AF8B /* ViewController.h */ = {isa = PBXFileReference; lastKnownFileType = sourcecode.c.h; path = ViewController.h; sourceTree = "<group>"; };
		2F371337263C35590079AF8B /* ViewController.m */ = {isa = PBXFileReference; lastKnownFileType = sourcecode.c.objc; path = ViewController.m; sourceTree = "<group>"; };
		2F37133A263C35590079AF8B /* Base */ = {isa = PBXFileReference; lastKnownFileType = file.storyboard; name = Base; path = Base.lproj/Main.storyboard; sourceTree = "<group>"; };
		2F37133C263C355B0079AF8B /* Assets.xcassets */ = {isa = PBXFileReference; lastKnownFileType = folder.assetcatalog; path = Assets.xcassets; sourceTree = "<group>"; };
		2F37133F263C355B0079AF8B /* Base */ = {isa = PBXFileReference; lastKnownFileType = file.storyboard; name = Base; path = Base.lproj/LaunchScreen.storyboard; sourceTree = "<group>"; };
		2F371341263C355B0079AF8B /* Info.plist */ = {isa = PBXFileReference; lastKnownFileType = text.plist.xml; path = Info.plist; sourceTree = "<group>"; };
		2F371342263C355B0079AF8B /* main.m */ = {isa = PBXFileReference; lastKnownFileType = sourcecode.c.objc; path = main.m; sourceTree = "<group>"; };
		2F371348263C355B0079AF8B /* inappinterfacedemoTests.xctest */ = {isa = PBXFileReference; explicitFileType = wrapper.cfbundle; includeInIndex = 0; path = inappinterfacedemoTests.xctest; sourceTree = BUILT_PRODUCTS_DIR; };
		2F371353263C355B0079AF8B /* inappinterfacedemoUITests.xctest */ = {isa = PBXFileReference; explicitFileType = wrapper.cfbundle; includeInIndex = 0; path = inappinterfacedemoUITests.xctest; sourceTree = BUILT_PRODUCTS_DIR; };
		2F371365263C35B00079AF8B /* JsInterface.h */ = {isa = PBXFileReference; lastKnownFileType = sourcecode.c.h; path = JsInterface.h; sourceTree = "<group>"; };
		2F371366263C363A0079AF8B /* JsInterface.m */ = {isa = PBXFileReference; lastKnownFileType = sourcecode.c.objc; path = JsInterface.m; sourceTree = "<group>"; };
		2F371368263C392A0079AF8B /* libz.tbd */ = {isa = PBXFileReference; lastKnownFileType = "sourcecode.text-based-dylib-definition"; name = libz.tbd; path = usr/lib/libz.tbd; sourceTree = SDKROOT; };
		2F37136A263C39370079AF8B /* libc++.tbd */ = {isa = PBXFileReference; lastKnownFileType = "sourcecode.text-based-dylib-definition"; name = "libc++.tbd"; path = "usr/lib/libc++.tbd"; sourceTree = SDKROOT; };
		2F371370263C41F00079AF8B /* inappinterfacedemo.entitlements */ = {isa = PBXFileReference; lastKnownFileType = text.plist.entitlements; path = inappinterfacedemo.entitlements; sourceTree = "<group>"; };
		2F371371263C42060079AF8B /* StoreKit.framework */ = {isa = PBXFileReference; lastKnownFileType = wrapper.framework; name = StoreKit.framework; path = System/Library/Frameworks/StoreKit.framework; sourceTree = SDKROOT; };
		2F371373263C44D20079AF8B /* PWPurchaseHelper.h */ = {isa = PBXFileReference; lastKnownFileType = sourcecode.c.h; path = PWPurchaseHelper.h; sourceTree = "<group>"; };
		2F371374263C45780079AF8B /* PWPurchaseHelper.m */ = {isa = PBXFileReference; lastKnownFileType = sourcecode.c.objc; path = PWPurchaseHelper.m; sourceTree = "<group>"; };
		3BE03C9F1F0859B7B7087A19 /* Pods_inappinterfacedemoUITests.framework */ = {isa = PBXFileReference; explicitFileType = wrapper.framework; includeInIndex = 0; path = Pods_inappinterfacedemoUITests.framework; sourceTree = BUILT_PRODUCTS_DIR; };
		4BDDFEF4E443238FEB320A56 /* Pods-inappinterfacedemo.debug.xcconfig */ = {isa = PBXFileReference; includeInIndex = 1; lastKnownFileType = text.xcconfig; name = "Pods-inappinterfacedemo.debug.xcconfig"; path = "Target Support Files/Pods-inappinterfacedemo/Pods-inappinterfacedemo.debug.xcconfig"; sourceTree = "<group>"; };
		57E56463C2BE02D44CA7401A /* Pods_inappinterfacedemoTests.framework */ = {isa = PBXFileReference; explicitFileType = wrapper.framework; includeInIndex = 0; path = Pods_inappinterfacedemoTests.framework; sourceTree = BUILT_PRODUCTS_DIR; };
		8EB9034A6C7317CE77E3B6E5 /* Pods-inappinterfacedemoTests.release.xcconfig */ = {isa = PBXFileReference; includeInIndex = 1; lastKnownFileType = text.xcconfig; name = "Pods-inappinterfacedemoTests.release.xcconfig"; path = "Target Support Files/Pods-inappinterfacedemoTests/Pods-inappinterfacedemoTests.release.xcconfig"; sourceTree = "<group>"; };
		9EE2FA5B963D1AF37B292E6D /* Pods-inappinterfacedemo.release.xcconfig */ = {isa = PBXFileReference; includeInIndex = 1; lastKnownFileType = text.xcconfig; name = "Pods-inappinterfacedemo.release.xcconfig"; path = "Target Support Files/Pods-inappinterfacedemo/Pods-inappinterfacedemo.release.xcconfig"; sourceTree = "<group>"; };
		B05321E22C40FBB5136F3296 /* Pods-inappinterfacedemoUITests.debug.xcconfig */ = {isa = PBXFileReference; includeInIndex = 1; lastKnownFileType = text.xcconfig; name = "Pods-inappinterfacedemoUITests.debug.xcconfig"; path = "Target Support Files/Pods-inappinterfacedemoUITests/Pods-inappinterfacedemoUITests.debug.xcconfig"; sourceTree = "<group>"; };
		CF74A43E53CB420A5332A2CE /* Pods-inappinterfacedemoTests.debug.xcconfig */ = {isa = PBXFileReference; includeInIndex = 1; lastKnownFileType = text.xcconfig; name = "Pods-inappinterfacedemoTests.debug.xcconfig"; path = "Target Support Files/Pods-inappinterfacedemoTests/Pods-inappinterfacedemoTests.debug.xcconfig"; sourceTree = "<group>"; };
		D5F7506DDED1DB5F917B60C8 /* Pods_inappinterfacedemo.framework */ = {isa = PBXFileReference; explicitFileType = wrapper.framework; includeInIndex = 0; path = Pods_inappinterfacedemo.framework; sourceTree = BUILT_PRODUCTS_DIR; };
/* End PBXFileReference section */

/* Begin PBXFrameworksBuildPhase section */
		2F37132A263C35590079AF8B /* Frameworks */ = {
			isa = PBXFrameworksBuildPhase;
			buildActionMask = 2147483647;
			files = (
				2F37136B263C39370079AF8B /* libc++.tbd in Frameworks */,
				2F371369263C392A0079AF8B /* libz.tbd in Frameworks */,
				9904DC00B8622C2BEB62F031 /* Pods_inappinterfacedemo.framework in Frameworks */,
				2F371372263C42060079AF8B /* StoreKit.framework in Frameworks */,
			);
			runOnlyForDeploymentPostprocessing = 0;
		};
		2F371345263C355B0079AF8B /* Frameworks */ = {
			isa = PBXFrameworksBuildPhase;
			buildActionMask = 2147483647;
			files = (
				853639C235FA4E23C90FD0EE /* Pods_inappinterfacedemoTests.framework in Frameworks */,
			);
			runOnlyForDeploymentPostprocessing = 0;
		};
		2F371350263C355B0079AF8B /* Frameworks */ = {
			isa = PBXFrameworksBuildPhase;
			buildActionMask = 2147483647;
			files = (
				F32101745B26D3646B4B896F /* Pods_inappinterfacedemoUITests.framework in Frameworks */,
			);
			runOnlyForDeploymentPostprocessing = 0;
		};
/* End PBXFrameworksBuildPhase section */

/* Begin PBXGroup section */
		2F371324263C35590079AF8B = {
			isa = PBXGroup;
			children = (
				2F37132F263C35590079AF8B /* inappinterfacedemo */,
				2F37132E263C35590079AF8B /* Products */,
				FF5C47F202499B24FA453D75 /* Pods */,
				43D223C00959E9D2C6259328 /* Frameworks */,
			);
			sourceTree = "<group>";
		};
		2F37132E263C35590079AF8B /* Products */ = {
			isa = PBXGroup;
			children = (
				2F37132D263C35590079AF8B /* inappinterfacedemo.app */,
				2F371348263C355B0079AF8B /* inappinterfacedemoTests.xctest */,
				2F371353263C355B0079AF8B /* inappinterfacedemoUITests.xctest */,
			);
			name = Products;
			sourceTree = "<group>";
		};
		2F37132F263C35590079AF8B /* inappinterfacedemo */ = {
			isa = PBXGroup;
			children = (
				2F371370263C41F00079AF8B /* inappinterfacedemo.entitlements */,
				2F371330263C35590079AF8B /* AppDelegate.h */,
				2F371365263C35B00079AF8B /* JsInterface.h */,
				2F371373263C44D20079AF8B /* PWPurchaseHelper.h */,
				2F371374263C45780079AF8B /* PWPurchaseHelper.m */,
				2F371366263C363A0079AF8B /* JsInterface.m */,
				2F371331263C35590079AF8B /* AppDelegate.m */,
				2F371333263C35590079AF8B /* SceneDelegate.h */,
				2F371334263C35590079AF8B /* SceneDelegate.m */,
				2F371336263C35590079AF8B /* ViewController.h */,
				2F371337263C35590079AF8B /* ViewController.m */,
				2F371339263C35590079AF8B /* Main.storyboard */,
				2F37133C263C355B0079AF8B /* Assets.xcassets */,
				2F37133E263C355B0079AF8B /* LaunchScreen.storyboard */,
				2F371341263C355B0079AF8B /* Info.plist */,
				2F371342263C355B0079AF8B /* main.m */,
			);
			path = inappinterfacedemo;
			sourceTree = "<group>";
		};
		43D223C00959E9D2C6259328 /* Frameworks */ = {
			isa = PBXGroup;
			children = (
				2F371371263C42060079AF8B /* StoreKit.framework */,
				2F37136A263C39370079AF8B /* libc++.tbd */,
				2F371368263C392A0079AF8B /* libz.tbd */,
				D5F7506DDED1DB5F917B60C8 /* Pods_inappinterfacedemo.framework */,
				57E56463C2BE02D44CA7401A /* Pods_inappinterfacedemoTests.framework */,
				3BE03C9F1F0859B7B7087A19 /* Pods_inappinterfacedemoUITests.framework */,
			);
			name = Frameworks;
			sourceTree = "<group>";
		};
		FF5C47F202499B24FA453D75 /* Pods */ = {
			isa = PBXGroup;
			children = (
				4BDDFEF4E443238FEB320A56 /* Pods-inappinterfacedemo.debug.xcconfig */,
				9EE2FA5B963D1AF37B292E6D /* Pods-inappinterfacedemo.release.xcconfig */,
				CF74A43E53CB420A5332A2CE /* Pods-inappinterfacedemoTests.debug.xcconfig */,
				8EB9034A6C7317CE77E3B6E5 /* Pods-inappinterfacedemoTests.release.xcconfig */,
				B05321E22C40FBB5136F3296 /* Pods-inappinterfacedemoUITests.debug.xcconfig */,
				0A494034405542899490B637 /* Pods-inappinterfacedemoUITests.release.xcconfig */,
			);
			path = Pods;
			sourceTree = "<group>";
		};
/* End PBXGroup section */

/* Begin PBXNativeTarget section */
		2F37132C263C35590079AF8B /* inappinterfacedemo */ = {
			isa = PBXNativeTarget;
			buildConfigurationList = 2F37135C263C355B0079AF8B /* Build configuration list for PBXNativeTarget "inappinterfacedemo" */;
			buildPhases = (
				E2340777F38779A6B5774E42 /* [CP] Check Pods Manifest.lock */,
				2F371329263C35590079AF8B /* Sources */,
				2F37132A263C35590079AF8B /* Frameworks */,
				2F37132B263C35590079AF8B /* Resources */,
			);
			buildRules = (
			);
			dependencies = (
			);
			name = inappinterfacedemo;
			productName = inappinterfacedemo;
			productReference = 2F37132D263C35590079AF8B /* inappinterfacedemo.app */;
			productType = "com.apple.product-type.application";
		};
		2F371347263C355B0079AF8B /* inappinterfacedemoTests */ = {
			isa = PBXNativeTarget;
			buildConfigurationList = 2F37135F263C355B0079AF8B /* Build configuration list for PBXNativeTarget "inappinterfacedemoTests" */;
			buildPhases = (
				4C6C8118996812AA11359642 /* [CP] Check Pods Manifest.lock */,
				2F371344263C355B0079AF8B /* Sources */,
				2F371345263C355B0079AF8B /* Frameworks */,
				2F371346263C355B0079AF8B /* Resources */,
			);
			buildRules = (
			);
			dependencies = (
				2F37134A263C355B0079AF8B /* PBXTargetDependency */,
			);
			name = inappinterfacedemoTests;
			productName = inappinterfacedemoTests;
			productReference = 2F371348263C355B0079AF8B /* inappinterfacedemoTests.xctest */;
			productType = "com.apple.product-type.bundle.unit-test";
		};
		2F371352263C355B0079AF8B /* inappinterfacedemoUITests */ = {
			isa = PBXNativeTarget;
			buildConfigurationList = 2F371362263C355B0079AF8B /* Build configuration list for PBXNativeTarget "inappinterfacedemoUITests" */;
			buildPhases = (
				D94C694C8C585AF3581E16F1 /* [CP] Check Pods Manifest.lock */,
				2F37134F263C355B0079AF8B /* Sources */,
				2F371350263C355B0079AF8B /* Frameworks */,
				2F371351263C355B0079AF8B /* Resources */,
			);
			buildRules = (
			);
			dependencies = (
				2F371355263C355B0079AF8B /* PBXTargetDependency */,
			);
			name = inappinterfacedemoUITests;
			productName = inappinterfacedemoUITests;
			productReference = 2F371353263C355B0079AF8B /* inappinterfacedemoUITests.xctest */;
			productType = "com.apple.product-type.bundle.ui-testing";
		};
/* End PBXNativeTarget section */

/* Begin PBXProject section */
		2F371325263C35590079AF8B /* Project object */ = {
			isa = PBXProject;
			attributes = {
				LastUpgradeCheck = 1130;
				ORGANIZATIONNAME = pushwoosh;
				TargetAttributes = {
					2F37132C263C35590079AF8B = {
						CreatedOnToolsVersion = 11.3.1;
					};
					2F371347263C355B0079AF8B = {
						CreatedOnToolsVersion = 11.3.1;
						TestTargetID = 2F37132C263C35590079AF8B;
					};
					2F371352263C355B0079AF8B = {
						CreatedOnToolsVersion = 11.3.1;
						TestTargetID = 2F37132C263C35590079AF8B;
					};
				};
			};
			buildConfigurationList = 2F371328263C35590079AF8B /* Build configuration list for PBXProject "inappinterfacedemo" */;
			compatibilityVersion = "Xcode 9.3";
			developmentRegion = en;
			hasScannedForEncodings = 0;
			knownRegions = (
				en,
				Base,
			);
			mainGroup = 2F371324263C35590079AF8B;
			productRefGroup = 2F37132E263C35590079AF8B /* Products */;
			projectDirPath = "";
			projectRoot = "";
			targets = (
				2F37132C263C35590079AF8B /* inappinterfacedemo */,
				2F371347263C355B0079AF8B /* inappinterfacedemoTests */,
				2F371352263C355B0079AF8B /* inappinterfacedemoUITests */,
			);
		};
/* End PBXProject section */

/* Begin PBXResourcesBuildPhase section */
		2F37132B263C35590079AF8B /* Resources */ = {
			isa = PBXResourcesBuildPhase;
			buildActionMask = 2147483647;
			files = (
				2F371340263C355B0079AF8B /* LaunchScreen.storyboard in Resources */,
				2F37133D263C355B0079AF8B /* Assets.xcassets in Resources */,
				2F37133B263C35590079AF8B /* Main.storyboard in Resources */,
			);
			runOnlyForDeploymentPostprocessing = 0;
		};
		2F371346263C355B0079AF8B /* Resources */ = {
			isa = PBXResourcesBuildPhase;
			buildActionMask = 2147483647;
			files = (
			);
			runOnlyForDeploymentPostprocessing = 0;
		};
		2F371351263C355B0079AF8B /* Resources */ = {
			isa = PBXResourcesBuildPhase;
			buildActionMask = 2147483647;
			files = (
			);
			runOnlyForDeploymentPostprocessing = 0;
		};
/* End PBXResourcesBuildPhase section */

/* Begin PBXShellScriptBuildPhase section */
		4C6C8118996812AA11359642 /* [CP] Check Pods Manifest.lock */ = {
			isa = PBXShellScriptBuildPhase;
			buildActionMask = 2147483647;
			files = (
			);
			inputFileListPaths = (
			);
			inputPaths = (
				"${PODS_PODFILE_DIR_PATH}/Podfile.lock",
				"${PODS_ROOT}/Manifest.lock",
			);
			name = "[CP] Check Pods Manifest.lock";
			outputFileListPaths = (
			);
			outputPaths = (
				"$(DERIVED_FILE_DIR)/Pods-inappinterfacedemoTests-checkManifestLockResult.txt",
			);
			runOnlyForDeploymentPostprocessing = 0;
			shellPath = /bin/sh;
			shellScript = "diff \"${PODS_PODFILE_DIR_PATH}/Podfile.lock\" \"${PODS_ROOT}/Manifest.lock\" > /dev/null\nif [ $? != 0 ] ; then\n    # print error to STDERR\n    echo \"error: The sandbox is not in sync with the Podfile.lock. Run 'pod install' or update your CocoaPods installation.\" >&2\n    exit 1\nfi\n# This output is used by Xcode 'outputs' to avoid re-running this script phase.\necho \"SUCCESS\" > \"${SCRIPT_OUTPUT_FILE_0}\"\n";
			showEnvVarsInLog = 0;
		};
		D94C694C8C585AF3581E16F1 /* [CP] Check Pods Manifest.lock */ = {
			isa = PBXShellScriptBuildPhase;
			buildActionMask = 2147483647;
			files = (
			);
			inputFileListPaths = (
			);
			inputPaths = (
				"${PODS_PODFILE_DIR_PATH}/Podfile.lock",
				"${PODS_ROOT}/Manifest.lock",
			);
			name = "[CP] Check Pods Manifest.lock";
			outputFileListPaths = (
			);
			outputPaths = (
				"$(DERIVED_FILE_DIR)/Pods-inappinterfacedemoUITests-checkManifestLockResult.txt",
			);
			runOnlyForDeploymentPostprocessing = 0;
			shellPath = /bin/sh;
			shellScript = "diff \"${PODS_PODFILE_DIR_PATH}/Podfile.lock\" \"${PODS_ROOT}/Manifest.lock\" > /dev/null\nif [ $? != 0 ] ; then\n    # print error to STDERR\n    echo \"error: The sandbox is not in sync with the Podfile.lock. Run 'pod install' or update your CocoaPods installation.\" >&2\n    exit 1\nfi\n# This output is used by Xcode 'outputs' to avoid re-running this script phase.\necho \"SUCCESS\" > \"${SCRIPT_OUTPUT_FILE_0}\"\n";
			showEnvVarsInLog = 0;
		};
		E2340777F38779A6B5774E42 /* [CP] Check Pods Manifest.lock */ = {
			isa = PBXShellScriptBuildPhase;
			buildActionMask = 2147483647;
			files = (
			);
			inputFileListPaths = (
			);
			inputPaths = (
				"${PODS_PODFILE_DIR_PATH}/Podfile.lock",
				"${PODS_ROOT}/Manifest.lock",
			);
			name = "[CP] Check Pods Manifest.lock";
			outputFileListPaths = (
			);
			outputPaths = (
				"$(DERIVED_FILE_DIR)/Pods-inappinterfacedemo-checkManifestLockResult.txt",
			);
			runOnlyForDeploymentPostprocessing = 0;
			shellPath = /bin/sh;
			shellScript = "diff \"${PODS_PODFILE_DIR_PATH}/Podfile.lock\" \"${PODS_ROOT}/Manifest.lock\" > /dev/null\nif [ $? != 0 ] ; then\n    # print error to STDERR\n    echo \"error: The sandbox is not in sync with the Podfile.lock. Run 'pod install' or update your CocoaPods installation.\" >&2\n    exit 1\nfi\n# This output is used by Xcode 'outputs' to avoid re-running this script phase.\necho \"SUCCESS\" > \"${SCRIPT_OUTPUT_FILE_0}\"\n";
			showEnvVarsInLog = 0;
		};
/* End PBXShellScriptBuildPhase section */

/* Begin PBXSourcesBuildPhase section */
		2F371329263C35590079AF8B /* Sources */ = {
			isa = PBXSourcesBuildPhase;
			buildActionMask = 2147483647;
			files = (
				2F371338263C35590079AF8B /* ViewController.m in Sources */,
				2F371332263C35590079AF8B /* AppDelegate.m in Sources */,
				2F371343263C355B0079AF8B /* main.m in Sources */,
				2F371375263C45780079AF8B /* PWPurchaseHelper.m in Sources */,
				2F371367263C363A0079AF8B /* JsInterface.m in Sources */,
				2F371335263C35590079AF8B /* SceneDelegate.m in Sources */,
			);
			runOnlyForDeploymentPostprocessing = 0;
		};
		2F371344263C355B0079AF8B /* Sources */ = {
			isa = PBXSourcesBuildPhase;
			buildActionMask = 2147483647;
			files = (
			);
			runOnlyForDeploymentPostprocessing = 0;
		};
		2F37134F263C355B0079AF8B /* Sources */ = {
			isa = PBXSourcesBuildPhase;
			buildActionMask = 2147483647;
			files = (
			);
			runOnlyForDeploymentPostprocessing = 0;
		};
/* End PBXSourcesBuildPhase section */

/* Begin PBXTargetDependency section */
		2F37134A263C355B0079AF8B /* PBXTargetDependency */ = {
			isa = PBXTargetDependency;
			target = 2F37132C263C35590079AF8B /* inappinterfacedemo */;
			targetProxy = 2F371349263C355B0079AF8B /* PBXContainerItemProxy */;
		};
		2F371355263C355B0079AF8B /* PBXTargetDependency */ = {
			isa = PBXTargetDependency;
			target = 2F37132C263C35590079AF8B /* inappinterfacedemo */;
			targetProxy = 2F371354263C355B0079AF8B /* PBXContainerItemProxy */;
		};
/* End PBXTargetDependency section */

/* Begin PBXVariantGroup section */
		2F371339263C35590079AF8B /* Main.storyboard */ = {
			isa = PBXVariantGroup;
			children = (
				2F37133A263C35590079AF8B /* Base */,
			);
			name = Main.storyboard;
			sourceTree = "<group>";
		};
		2F37133E263C355B0079AF8B /* LaunchScreen.storyboard */ = {
			isa = PBXVariantGroup;
			children = (
				2F37133F263C355B0079AF8B /* Base */,
			);
			name = LaunchScreen.storyboard;
			sourceTree = "<group>";
		};
/* End PBXVariantGroup section */

/* Begin XCBuildConfiguration section */
		2F37135A263C355B0079AF8B /* Debug */ = {
			isa = XCBuildConfiguration;
			buildSettings = {
				ALWAYS_SEARCH_USER_PATHS = NO;
				CLANG_ANALYZER_NONNULL = YES;
				CLANG_ANALYZER_NUMBER_OBJECT_CONVERSION = YES_AGGRESSIVE;
				CLANG_CXX_LANGUAGE_STANDARD = "gnu++14";
				CLANG_CXX_LIBRARY = "libc++";
				CLANG_ENABLE_MODULES = YES;
				CLANG_ENABLE_OBJC_ARC = YES;
				CLANG_ENABLE_OBJC_WEAK = YES;
				CLANG_WARN_BLOCK_CAPTURE_AUTORELEASING = YES;
				CLANG_WARN_BOOL_CONVERSION = YES;
				CLANG_WARN_COMMA = YES;
				CLANG_WARN_CONSTANT_CONVERSION = YES;
				CLANG_WARN_DEPRECATED_OBJC_IMPLEMENTATIONS = YES;
				CLANG_WARN_DIRECT_OBJC_ISA_USAGE = YES_ERROR;
				CLANG_WARN_DOCUMENTATION_COMMENTS = YES;
				CLANG_WARN_EMPTY_BODY = YES;
				CLANG_WARN_ENUM_CONVERSION = YES;
				CLANG_WARN_INFINITE_RECURSION = YES;
				CLANG_WARN_INT_CONVERSION = YES;
				CLANG_WARN_NON_LITERAL_NULL_CONVERSION = YES;
				CLANG_WARN_OBJC_IMPLICIT_RETAIN_SELF = YES;
				CLANG_WARN_OBJC_LITERAL_CONVERSION = YES;
				CLANG_WARN_OBJC_ROOT_CLASS = YES_ERROR;
				CLANG_WARN_RANGE_LOOP_ANALYSIS = YES;
				CLANG_WARN_STRICT_PROTOTYPES = YES;
				CLANG_WARN_SUSPICIOUS_MOVE = YES;
				CLANG_WARN_UNGUARDED_AVAILABILITY = YES_AGGRESSIVE;
				CLANG_WARN_UNREACHABLE_CODE = YES;
				CLANG_WARN__DUPLICATE_METHOD_MATCH = YES;
				COPY_PHASE_STRIP = NO;
				DEBUG_INFORMATION_FORMAT = dwarf;
				ENABLE_STRICT_OBJC_MSGSEND = YES;
				ENABLE_TESTABILITY = YES;
				GCC_C_LANGUAGE_STANDARD = gnu11;
				GCC_DYNAMIC_NO_PIC = NO;
				GCC_NO_COMMON_BLOCKS = YES;
				GCC_OPTIMIZATION_LEVEL = 0;
				GCC_PREPROCESSOR_DEFINITIONS = (
					"DEBUG=1",
					"$(inherited)",
				);
				GCC_WARN_64_TO_32_BIT_CONVERSION = YES;
				GCC_WARN_ABOUT_RETURN_TYPE = YES_ERROR;
				GCC_WARN_UNDECLARED_SELECTOR = YES;
				GCC_WARN_UNINITIALIZED_AUTOS = YES_AGGRESSIVE;
				GCC_WARN_UNUSED_FUNCTION = YES;
				GCC_WARN_UNUSED_VARIABLE = YES;
				IPHONEOS_DEPLOYMENT_TARGET = 13.2;
				MTL_ENABLE_DEBUG_INFO = INCLUDE_SOURCE;
				MTL_FAST_MATH = YES;
				ONLY_ACTIVE_ARCH = YES;
				SDKROOT = iphoneos;
			};
			name = Debug;
		};
		2F37135B263C355B0079AF8B /* Release */ = {
			isa = XCBuildConfiguration;
			buildSettings = {
				ALWAYS_SEARCH_USER_PATHS = NO;
				CLANG_ANALYZER_NONNULL = YES;
				CLANG_ANALYZER_NUMBER_OBJECT_CONVERSION = YES_AGGRESSIVE;
				CLANG_CXX_LANGUAGE_STANDARD = "gnu++14";
				CLANG_CXX_LIBRARY = "libc++";
				CLANG_ENABLE_MODULES = YES;
				CLANG_ENABLE_OBJC_ARC = YES;
				CLANG_ENABLE_OBJC_WEAK = YES;
				CLANG_WARN_BLOCK_CAPTURE_AUTORELEASING = YES;
				CLANG_WARN_BOOL_CONVERSION = YES;
				CLANG_WARN_COMMA = YES;
				CLANG_WARN_CONSTANT_CONVERSION = YES;
				CLANG_WARN_DEPRECATED_OBJC_IMPLEMENTATIONS = YES;
				CLANG_WARN_DIRECT_OBJC_ISA_USAGE = YES_ERROR;
				CLANG_WARN_DOCUMENTATION_COMMENTS = YES;
				CLANG_WARN_EMPTY_BODY = YES;
				CLANG_WARN_ENUM_CONVERSION = YES;
				CLANG_WARN_INFINITE_RECURSION = YES;
				CLANG_WARN_INT_CONVERSION = YES;
				CLANG_WARN_NON_LITERAL_NULL_CONVERSION = YES;
				CLANG_WARN_OBJC_IMPLICIT_RETAIN_SELF = YES;
				CLANG_WARN_OBJC_LITERAL_CONVERSION = YES;
				CLANG_WARN_OBJC_ROOT_CLASS = YES_ERROR;
				CLANG_WARN_RANGE_LOOP_ANALYSIS = YES;
				CLANG_WARN_STRICT_PROTOTYPES = YES;
				CLANG_WARN_SUSPICIOUS_MOVE = YES;
				CLANG_WARN_UNGUARDED_AVAILABILITY = YES_AGGRESSIVE;
				CLANG_WARN_UNREACHABLE_CODE = YES;
				CLANG_WARN__DUPLICATE_METHOD_MATCH = YES;
				COPY_PHASE_STRIP = NO;
				DEBUG_INFORMATION_FORMAT = "dwarf-with-dsym";
				ENABLE_NS_ASSERTIONS = NO;
				ENABLE_STRICT_OBJC_MSGSEND = YES;
				GCC_C_LANGUAGE_STANDARD = gnu11;
				GCC_NO_COMMON_BLOCKS = YES;
				GCC_WARN_64_TO_32_BIT_CONVERSION = YES;
				GCC_WARN_ABOUT_RETURN_TYPE = YES_ERROR;
				GCC_WARN_UNDECLARED_SELECTOR = YES;
				GCC_WARN_UNINITIALIZED_AUTOS = YES_AGGRESSIVE;
				GCC_WARN_UNUSED_FUNCTION = YES;
				GCC_WARN_UNUSED_VARIABLE = YES;
				IPHONEOS_DEPLOYMENT_TARGET = 13.2;
				MTL_ENABLE_DEBUG_INFO = NO;
				MTL_FAST_MATH = YES;
				SDKROOT = iphoneos;
				VALIDATE_PRODUCT = YES;
			};
			name = Release;
		};
		2F37135D263C355B0079AF8B /* Debug */ = {
			isa = XCBuildConfiguration;
			baseConfigurationReference = 4BDDFEF4E443238FEB320A56 /* Pods-inappinterfacedemo.debug.xcconfig */;
			buildSettings = {
				ASSETCATALOG_COMPILER_APPICON_NAME = AppIcon;
				CODE_SIGN_ENTITLEMENTS = inappinterfacedemo/inappinterfacedemo.entitlements;
				CODE_SIGN_IDENTITY = "iPhone Developer";
				CODE_SIGN_STYLE = Manual;
				DEVELOPMENT_TEAM = EZ696X67SZ;
				INFOPLIST_FILE = inappinterfacedemo/Info.plist;
				LD_RUNPATH_SEARCH_PATHS = (
					"$(inherited)",
					"@executable_path/Frameworks",
				);
				PRODUCT_BUNDLE_IDENTIFIER = com.pushwoosh.inappinterfacedemo;
				PRODUCT_NAME = "$(TARGET_NAME)";
				PROVISIONING_PROFILE_SPECIFIER = com.pushwoosh.inappinterfacedemo;
				TARGETED_DEVICE_FAMILY = "1,2";
			};
			name = Debug;
		};
		2F37135E263C355B0079AF8B /* Release */ = {
			isa = XCBuildConfiguration;
			baseConfigurationReference = 9EE2FA5B963D1AF37B292E6D /* Pods-inappinterfacedemo.release.xcconfig */;
			buildSettings = {
				ASSETCATALOG_COMPILER_APPICON_NAME = AppIcon;
				CODE_SIGN_ENTITLEMENTS = inappinterfacedemo/inappinterfacedemo.entitlements;
				CODE_SIGN_IDENTITY = "iPhone Developer";
				CODE_SIGN_STYLE = Manual;
				DEVELOPMENT_TEAM = EZ696X67SZ;
				INFOPLIST_FILE = inappinterfacedemo/Info.plist;
				LD_RUNPATH_SEARCH_PATHS = (
					"$(inherited)",
					"@executable_path/Frameworks",
				);
				PRODUCT_BUNDLE_IDENTIFIER = com.pushwoosh.inappinterfacedemo;
				PRODUCT_NAME = "$(TARGET_NAME)";
				PROVISIONING_PROFILE_SPECIFIER = com.pushwoosh.inappinterfacedemo;
				TARGETED_DEVICE_FAMILY = "1,2";
			};
			name = Release;
		};
		2F371360263C355B0079AF8B /* Debug */ = {
			isa = XCBuildConfiguration;
			baseConfigurationReference = CF74A43E53CB420A5332A2CE /* Pods-inappinterfacedemoTests.debug.xcconfig */;
			buildSettings = {
				BUNDLE_LOADER = "$(TEST_HOST)";
				CODE_SIGN_STYLE = Automatic;
				DEVELOPMENT_TEAM = EZ696X67SZ;
				INFOPLIST_FILE = inappinterfacedemoTests/Info.plist;
				IPHONEOS_DEPLOYMENT_TARGET = 13.2;
				LD_RUNPATH_SEARCH_PATHS = (
					"$(inherited)",
					"@executable_path/Frameworks",
					"@loader_path/Frameworks",
				);
				PRODUCT_BUNDLE_IDENTIFIER = com.pushwoosh.inappinterfacedemoTests;
				PRODUCT_NAME = "$(TARGET_NAME)";
				TARGETED_DEVICE_FAMILY = "1,2";
				TEST_HOST = "$(BUILT_PRODUCTS_DIR)/inappinterfacedemo.app/inappinterfacedemo";
			};
			name = Debug;
		};
		2F371361263C355B0079AF8B /* Release */ = {
			isa = XCBuildConfiguration;
			baseConfigurationReference = 8EB9034A6C7317CE77E3B6E5 /* Pods-inappinterfacedemoTests.release.xcconfig */;
			buildSettings = {
				BUNDLE_LOADER = "$(TEST_HOST)";
				CODE_SIGN_STYLE = Automatic;
				DEVELOPMENT_TEAM = EZ696X67SZ;
				INFOPLIST_FILE = inappinterfacedemoTests/Info.plist;
				IPHONEOS_DEPLOYMENT_TARGET = 13.2;
				LD_RUNPATH_SEARCH_PATHS = (
					"$(inherited)",
					"@executable_path/Frameworks",
					"@loader_path/Frameworks",
				);
				PRODUCT_BUNDLE_IDENTIFIER = com.pushwoosh.inappinterfacedemoTests;
				PRODUCT_NAME = "$(TARGET_NAME)";
				TARGETED_DEVICE_FAMILY = "1,2";
				TEST_HOST = "$(BUILT_PRODUCTS_DIR)/inappinterfacedemo.app/inappinterfacedemo";
			};
			name = Release;
		};
		2F371363263C355B0079AF8B /* Debug */ = {
			isa = XCBuildConfiguration;
			baseConfigurationReference = B05321E22C40FBB5136F3296 /* Pods-inappinterfacedemoUITests.debug.xcconfig */;
			buildSettings = {
				CODE_SIGN_STYLE = Automatic;
				DEVELOPMENT_TEAM = EZ696X67SZ;
				INFOPLIST_FILE = inappinterfacedemoUITests/Info.plist;
				LD_RUNPATH_SEARCH_PATHS = (
					"$(inherited)",
					"@executable_path/Frameworks",
					"@loader_path/Frameworks",
				);
				PRODUCT_BUNDLE_IDENTIFIER = com.pushwoosh.inappinterfacedemoUITests;
				PRODUCT_NAME = "$(TARGET_NAME)";
				TARGETED_DEVICE_FAMILY = "1,2";
				TEST_TARGET_NAME = inappinterfacedemo;
			};
			name = Debug;
		};
		2F371364263C355B0079AF8B /* Release */ = {
			isa = XCBuildConfiguration;
			baseConfigurationReference = 0A494034405542899490B637 /* Pods-inappinterfacedemoUITests.release.xcconfig */;
			buildSettings = {
				CODE_SIGN_STYLE = Automatic;
				DEVELOPMENT_TEAM = EZ696X67SZ;
				INFOPLIST_FILE = inappinterfacedemoUITests/Info.plist;
				LD_RUNPATH_SEARCH_PATHS = (
					"$(inherited)",
					"@executable_path/Frameworks",
					"@loader_path/Frameworks",
				);
				PRODUCT_BUNDLE_IDENTIFIER = com.pushwoosh.inappinterfacedemoUITests;
				PRODUCT_NAME = "$(TARGET_NAME)";
				TARGETED_DEVICE_FAMILY = "1,2";
				TEST_TARGET_NAME = inappinterfacedemo;
			};
			name = Release;
		};
/* End XCBuildConfiguration section */

/* Begin XCConfigurationList section */
		2F371328263C35590079AF8B /* Build configuration list for PBXProject "inappinterfacedemo" */ = {
			isa = XCConfigurationList;
			buildConfigurations = (
				2F37135A263C355B0079AF8B /* Debug */,
				2F37135B263C355B0079AF8B /* Release */,
			);
			defaultConfigurationIsVisible = 0;
			defaultConfigurationName = Release;
		};
		2F37135C263C355B0079AF8B /* Build configuration list for PBXNativeTarget "inappinterfacedemo" */ = {
			isa = XCConfigurationList;
			buildConfigurations = (
				2F37135D263C355B0079AF8B /* Debug */,
				2F37135E263C355B0079AF8B /* Release */,
			);
			defaultConfigurationIsVisible = 0;
			defaultConfigurationName = Release;
		};
		2F37135F263C355B0079AF8B /* Build configuration list for PBXNativeTarget "inappinterfacedemoTests" */ = {
			isa = XCConfigurationList;
			buildConfigurations = (
				2F371360263C355B0079AF8B /* Debug */,
				2F371361263C355B0079AF8B /* Release */,
			);
			defaultConfigurationIsVisible = 0;
			defaultConfigurationName = Release;
		};
		2F371362263C355B0079AF8B /* Build configuration list for PBXNativeTarget "inappinterfacedemoUITests" */ = {
			isa = XCConfigurationList;
			buildConfigurations = (
				2F371363263C355B0079AF8B /* Debug */,
				2F371364263C355B0079AF8B /* Release */,
			);
			defaultConfigurationIsVisible = 0;
			defaultConfigurationName = Release;
		};
/* End XCConfigurationList section */
	};
	rootObject = 2F371325263C35590079AF8B /* Project object */;
}
